{
  "requires": true,
  "lockfileVersion": 1,
  "dependencies": {
    "openzeppelin-solidity": {
      "version": "4.1.0",
      "resolved": "https://registry.npmjs.org/openzeppelin-solidity/-/openzeppelin-solidity-4.1.0.tgz",
      "integrity": "sha512-eOTwAu5q909S+Lqi4QnTQClY8KLpdnpiddrrrCuDSDaOgohBbl4VMcJj325k67m2qyalqvHu/2Fj5qqj5V9oLw==",
      "dev": true
    }
  }
}
